
Microsoft Visual Studio Solution File, Format Version 12.00
# Visual Studio 15
VisualStudioVersion = 15.0.27703.2000
MinimumVisualStudioVersion = 10.0.40219.1
Project("{FAE04EC0-301F-11D3-BF4B-00C04F79EFBC}") = "Project_Console", "Lesson3\Project_Console.csproj", "{10C44A3A-C95A-4E9D-9DB4-35D07D997A88}"
EndProject
Project("{FAE04EC0-301F-11D3-BF4B-00C04F79EFBC}") = "Project_UnitTest", "Project_UnitTest\Project_UnitTest.csproj", "{00C19801-112D-403C-A502-03DB46D21AE9}"
EndProject
Project("{FAE04EC0-301F-11D3-BF4B-00C04F79EFBC}") = "Project_Xml", "Project_Xml\Project_Xml.csproj", "{B7A28822-43C6-45EC-9689-AEAFEEB20906}"
EndProject
Project("{FAE04EC0-301F-11D3-BF4B-00C04F79EFBC}") = "Project_Interface", "Project_Interface\Project_Interface.csproj", "{4B15E8C2-DA0C-4C1B-BAED-B08B742B359E}"
EndProject
Global
	GlobalSection(SolutionConfigurationPlatforms) = preSolution
		Debug|Any CPU = Debug|Any CPU
		Release|Any CPU = Release|Any CPU
	EndGlobalSection
	GlobalSection(ProjectConfigurationPlatforms) = postSolution
		{10C44A3A-C95A-4E9D-9DB4-35D07D997A88}.Debug|Any CPU.ActiveCfg = Debug|Any CPU
		{10C44A3A-C95A-4E9D-9DB4-35D07D997A88}.Debug|Any CPU.Build.0 = Debug|Any CPU
		{10C44A3A-C95A-4E9D-9DB4-35D07D997A88}.Release|Any CPU.ActiveCfg = Release|Any CPU
		{10C44A3A-C95A-4E9D-9DB4-35D07D997A88}.Release|Any CPU.Build.0 = Release|Any CPU
		{00C19801-112D-403C-A502-03DB46D21AE9}.Debug|Any CPU.ActiveCfg = Debug|Any CPU
		{00C19801-112D-403C-A502-03DB46D21AE9}.Debug|Any CPU.Build.0 = Debug|Any CPU
		{00C19801-112D-403C-A502-03DB46D21AE9}.Release|Any CPU.ActiveCfg = Release|Any CPU
		{00C19801-112D-403C-A502-03DB46D21AE9}.Release|Any CPU.Build.0 = Release|Any CPU
		{B7A28822-43C6-45EC-9689-AEAFEEB20906}.Debug|Any CPU.ActiveCfg = Debug|Any CPU
		{B7A28822-43C6-45EC-9689-AEAFEEB20906}.Debug|Any CPU.Build.0 = Debug|Any CPU
		{B7A28822-43C6-45EC-9689-AEAFEEB20906}.Release|Any CPU.ActiveCfg = Release|Any CPU
		{B7A28822-43C6-45EC-9689-AEAFEEB20906}.Release|Any CPU.Build.0 = Release|Any CPU
		{4B15E8C2-DA0C-4C1B-BAED-B08B742B359E}.Debug|Any CPU.ActiveCfg = Debug|Any CPU
		{4B15E8C2-DA0C-4C1B-BAED-B08B742B359E}.Debug|Any CPU.Build.0 = Debug|Any CPU
		{4B15E8C2-DA0C-4C1B-BAED-B08B742B359E}.Release|Any CPU.ActiveCfg = Release|Any CPU
		{4B15E8C2-DA0C-4C1B-BAED-B08B742B359E}.Release|Any CPU.Build.0 = Release|Any CPU
	EndGlobalSection
	GlobalSection(SolutionProperties) = preSolution
		HideSolutionNode = FALSE
	EndGlobalSection
	GlobalSection(ExtensibilityGlobals) = postSolution
		SolutionGuid = {27371763-8357-47C3-80A2-338325B4D0D5}
	EndGlobalSection
EndGlobal
